
Microsoft Visual Studio Solution File, Format Version 12.00
# Visual Studio Version 17
VisualStudioVersion = 17.14.36414.22 d17.14
MinimumVisualStudioVersion = 10.0.40219.1
Project("{FAE04EC0-301F-11D3-BF4B-00C04F79EFBC}") = "Library_1", "Library_1\Library_1.csproj", "{2272AA88-9B6B-4D2A-9997-2C23F4BCE1A9}"
EndProject
Global
	GlobalSection(SolutionConfigurationPlatforms) = preSolution
		Debug|Any CPU = Debug|Any CPU
		Release|Any CPU = Release|Any CPU
	EndGlobalSection
	GlobalSection(ProjectConfigurationPlatforms) = postSolution
		{2272AA88-9B6B-4D2A-9997-2C23F4BCE1A9}.Debug|Any CPU.ActiveCfg = Debug|Any CPU
		{2272AA88-9B6B-4D2A-9997-2C23F4BCE1A9}.Debug|Any CPU.Build.0 = Debug|Any CPU
		{2272AA88-9B6B-4D2A-9997-2C23F4BCE1A9}.Release|Any CPU.ActiveCfg = Release|Any CPU
		{2272AA88-9B6B-4D2A-9997-2C23F4BCE1A9}.Release|Any CPU.Build.0 = Release|Any CPU
	EndGlobalSection
	GlobalSection(SolutionProperties) = preSolution
		HideSolutionNode = FALSE
	EndGlobalSection
	GlobalSection(ExtensibilityGlobals) = postSolution
		SolutionGuid = {DEF1A40A-B6BF-46D3-91E2-749A7BA5A68B}
	EndGlobalSection
EndGlobal
